
Microsoft Visual Studio Solution File, Format Version 12.00
# Visual Studio Version 17
VisualStudioVersion = 17.1.32421.90
MinimumVisualStudioVersion = 10.0.40219.1
Project("{FAE04EC0-301F-11D3-BF4B-00C04F79EFBC}") = "Guesser", "Guesser\Guesser.csproj", "{768DE4D0-C5B7-4FE1-9F8F-B174FC2411AB}"
EndProject
Global
	GlobalSection(SolutionConfigurationPlatforms) = preSolution
		Debug|Any CPU = Debug|Any CPU
		Release|Any CPU = Release|Any CPU
	EndGlobalSection
	GlobalSection(ProjectConfigurationPlatforms) = postSolution
		{768DE4D0-C5B7-4FE1-9F8F-B174FC2411AB}.Debug|Any CPU.ActiveCfg = Debug|Any CPU
		{768DE4D0-C5B7-4FE1-9F8F-B174FC2411AB}.Debug|Any CPU.Build.0 = Debug|Any CPU
		{768DE4D0-C5B7-4FE1-9F8F-B174FC2411AB}.Release|Any CPU.ActiveCfg = Release|Any CPU
		{768DE4D0-C5B7-4FE1-9F8F-B174FC2411AB}.Release|Any CPU.Build.0 = Release|Any CPU
	EndGlobalSection
	GlobalSection(SolutionProperties) = preSolution
		HideSolutionNode = FALSE
	EndGlobalSection
	GlobalSection(ExtensibilityGlobals) = postSolution
		SolutionGuid = {52280835-04B7-478E-AA40-C1DDF69D4834}
	EndGlobalSection
EndGlobal
